
Microsoft Visual Studio Solution File, Format Version 12.00
# Visual Studio Version 17
VisualStudioVersion = 17.6.33829.357
MinimumVisualStudioVersion = 10.0.40219.1
Project("{FAE04EC0-301F-11D3-BF4B-00C04F79EFBC}") = "HotelUColombia", "HotelUColombia.csproj", "{298BCFF8-386E-4B76-B09D-708D7761E18F}"
EndProject
Global
	GlobalSection(SolutionConfigurationPlatforms) = preSolution
		Debug|Any CPU = Debug|Any CPU
		Release|Any CPU = Release|Any CPU
	EndGlobalSection
	GlobalSection(ProjectConfigurationPlatforms) = postSolution
		{298BCFF8-386E-4B76-B09D-708D7761E18F}.Debug|Any CPU.ActiveCfg = Debug|Any CPU
		{298BCFF8-386E-4B76-B09D-708D7761E18F}.Debug|Any CPU.Build.0 = Debug|Any CPU
		{298BCFF8-386E-4B76-B09D-708D7761E18F}.Release|Any CPU.ActiveCfg = Release|Any CPU
		{298BCFF8-386E-4B76-B09D-708D7761E18F}.Release|Any CPU.Build.0 = Release|Any CPU
	EndGlobalSection
	GlobalSection(SolutionProperties) = preSolution
		HideSolutionNode = FALSE
	EndGlobalSection
	GlobalSection(ExtensibilityGlobals) = postSolution
		SolutionGuid = {F28EDDFF-4096-4B64-8B38-5BDFD5A00F47}
	EndGlobalSection
EndGlobal
